
Microsoft Visual Studio Solution File, Format Version 12.00
# Visual Studio Version 17
VisualStudioVersion = 17.14.36414.22 d17.14
MinimumVisualStudioVersion = 10.0.40219.1
Project("{FAE04EC0-301F-11D3-BF4B-00C04F79EFBC}") = "GymExercise", "GymExercise.csproj", "{E932E02D-688B-4C0C-B057-DC361F1041EF}"
EndProject
Global
	GlobalSection(SolutionConfigurationPlatforms) = preSolution
		Debug|Any CPU = Debug|Any CPU
		Release|Any CPU = Release|Any CPU
	EndGlobalSection
	GlobalSection(ProjectConfigurationPlatforms) = postSolution
		{E932E02D-688B-4C0C-B057-DC361F1041EF}.Debug|Any CPU.ActiveCfg = Debug|Any CPU
		{E932E02D-688B-4C0C-B057-DC361F1041EF}.Debug|Any CPU.Build.0 = Debug|Any CPU
		{E932E02D-688B-4C0C-B057-DC361F1041EF}.Release|Any CPU.ActiveCfg = Release|Any CPU
		{E932E02D-688B-4C0C-B057-DC361F1041EF}.Release|Any CPU.Build.0 = Release|Any CPU
	EndGlobalSection
	GlobalSection(SolutionProperties) = preSolution
		HideSolutionNode = FALSE
	EndGlobalSection
	GlobalSection(ExtensibilityGlobals) = postSolution
		SolutionGuid = {14334CA2-20E4-4750-A348-D8BB9C19E943}
	EndGlobalSection
EndGlobal
